
Microsoft Visual Studio Solution File, Format Version 12.00
# Visual Studio Version 16
VisualStudioVersion = 16.0.30114.105
MinimumVisualStudioVersion = 10.0.40219.1
Project("{FAE04EC0-301F-11D3-BF4B-00C04F79EFBC}") = "TemperatureControlApp.UWP", "TemperatureControlApp.UWP\TemperatureControlApp.UWP.csproj", "{8255F598-9F06-4E57-90C0-AEB5D39ED9FF}"
EndProject
Project("{FAE04EC0-301F-11D3-BF4B-00C04F79EFBC}") = "TemperatureControlApp.Android", "TemperatureControlApp.Android\TemperatureControlApp.Android.csproj", "{830A2A45-6695-4DB0-AEAB-C1C8010452A2}"
EndProject
Project("{FAE04EC0-301F-11D3-BF4B-00C04F79EFBC}") = "TemperatureControlApp", "TemperatureControlApp\TemperatureControlApp.csproj", "{C753902E-2D7D-4B33-8A23-A5BD05000F97}"
EndProject
Global
	GlobalSection(SolutionConfigurationPlatforms) = preSolution
		Debug|Any CPU = Debug|Any CPU
		Debug|ARM = Debug|ARM
		Debug|x64 = Debug|x64
		Debug|x86 = Debug|x86
		Release|Any CPU = Release|Any CPU
		Release|ARM = Release|ARM
		Release|x64 = Release|x64
		Release|x86 = Release|x86
	EndGlobalSection
	GlobalSection(ProjectConfigurationPlatforms) = postSolution
		{8255F598-9F06-4E57-90C0-AEB5D39ED9FF}.Debug|Any CPU.ActiveCfg = Debug|x86
		{8255F598-9F06-4E57-90C0-AEB5D39ED9FF}.Debug|Any CPU.Build.0 = Debug|x86
		{8255F598-9F06-4E57-90C0-AEB5D39ED9FF}.Debug|Any CPU.Deploy.0 = Debug|x86
		{8255F598-9F06-4E57-90C0-AEB5D39ED9FF}.Debug|ARM.ActiveCfg = Debug|ARM
		{8255F598-9F06-4E57-90C0-AEB5D39ED9FF}.Debug|ARM.Build.0 = Debug|ARM
		{8255F598-9F06-4E57-90C0-AEB5D39ED9FF}.Debug|ARM.Deploy.0 = Debug|ARM
		{8255F598-9F06-4E57-90C0-AEB5D39ED9FF}.Debug|x64.ActiveCfg = Debug|x64
		{8255F598-9F06-4E57-90C0-AEB5D39ED9FF}.Debug|x64.Build.0 = Debug|x64
		{8255F598-9F06-4E57-90C0-AEB5D39ED9FF}.Debug|x64.Deploy.0 = Debug|x64
		{8255F598-9F06-4E57-90C0-AEB5D39ED9FF}.Debug|x86.ActiveCfg = Debug|x86
		{8255F598-9F06-4E57-90C0-AEB5D39ED9FF}.Debug|x86.Build.0 = Debug|x86
		{8255F598-9F06-4E57-90C0-AEB5D39ED9FF}.Debug|x86.Deploy.0 = Debug|x86
		{8255F598-9F06-4E57-90C0-AEB5D39ED9FF}.Release|Any CPU.ActiveCfg = Release|x86
		{8255F598-9F06-4E57-90C0-AEB5D39ED9FF}.Release|Any CPU.Build.0 = Release|x86
		{8255F598-9F06-4E57-90C0-AEB5D39ED9FF}.Release|Any CPU.Deploy.0 = Release|x86
		{8255F598-9F06-4E57-90C0-AEB5D39ED9FF}.Release|ARM.ActiveCfg = Release|ARM
		{8255F598-9F06-4E57-90C0-AEB5D39ED9FF}.Release|ARM.Build.0 = Release|ARM
		{8255F598-9F06-4E57-90C0-AEB5D39ED9FF}.Release|ARM.Deploy.0 = Release|ARM
		{8255F598-9F06-4E57-90C0-AEB5D39ED9FF}.Release|x64.ActiveCfg = Release|x64
		{8255F598-9F06-4E57-90C0-AEB5D39ED9FF}.Release|x64.Build.0 = Release|x64
		{8255F598-9F06-4E57-90C0-AEB5D39ED9FF}.Release|x64.Deploy.0 = Release|x64
		{8255F598-9F06-4E57-90C0-AEB5D39ED9FF}.Release|x86.ActiveCfg = Release|x86
		{8255F598-9F06-4E57-90C0-AEB5D39ED9FF}.Release|x86.Build.0 = Release|x86
		{8255F598-9F06-4E57-90C0-AEB5D39ED9FF}.Release|x86.Deploy.0 = Release|x86
		{830A2A45-6695-4DB0-AEAB-C1C8010452A2}.Debug|Any CPU.ActiveCfg = Debug|Any CPU
		{830A2A45-6695-4DB0-AEAB-C1C8010452A2}.Debug|Any CPU.Build.0 = Debug|Any CPU
		{830A2A45-6695-4DB0-AEAB-C1C8010452A2}.Debug|Any CPU.Deploy.0 = Debug|Any CPU
		{830A2A45-6695-4DB0-AEAB-C1C8010452A2}.Debug|ARM.ActiveCfg = Debug|Any CPU
		{830A2A45-6695-4DB0-AEAB-C1C8010452A2}.Debug|ARM.Build.0 = Debug|Any CPU
		{830A2A45-6695-4DB0-AEAB-C1C8010452A2}.Debug|ARM.Deploy.0 = Debug|Any CPU
		{830A2A45-6695-4DB0-AEAB-C1C8010452A2}.Debug|x64.ActiveCfg = Debug|Any CPU
		{830A2A45-6695-4DB0-AEAB-C1C8010452A2}.Debug|x64.Build.0 = Debug|Any CPU
		{830A2A45-6695-4DB0-AEAB-C1C8010452A2}.Debug|x64.Deploy.0 = Debug|Any CPU
		{830A2A45-6695-4DB0-AEAB-C1C8010452A2}.Debug|x86.ActiveCfg = Debug|Any CPU
		{830A2A45-6695-4DB0-AEAB-C1C8010452A2}.Debug|x86.Build.0 = Debug|Any CPU
		{830A2A45-6695-4DB0-AEAB-C1C8010452A2}.Debug|x86.Deploy.0 = Debug|Any CPU
		{830A2A45-6695-4DB0-AEAB-C1C8010452A2}.Release|Any CPU.ActiveCfg = Release|Any CPU
		{830A2A45-6695-4DB0-AEAB-C1C8010452A2}.Release|Any CPU.Build.0 = Release|Any CPU
		{830A2A45-6695-4DB0-AEAB-C1C8010452A2}.Release|Any CPU.Deploy.0 = Release|Any CPU
		{830A2A45-6695-4DB0-AEAB-C1C8010452A2}.Release|ARM.ActiveCfg = Release|Any CPU
		{830A2A45-6695-4DB0-AEAB-C1C8010452A2}.Release|ARM.Build.0 = Release|Any CPU
		{830A2A45-6695-4DB0-AEAB-C1C8010452A2}.Release|ARM.Deploy.0 = Release|Any CPU
		{830A2A45-6695-4DB0-AEAB-C1C8010452A2}.Release|x64.ActiveCfg = Release|Any CPU
		{830A2A45-6695-4DB0-AEAB-C1C8010452A2}.Release|x64.Build.0 = Release|Any CPU
		{830A2A45-6695-4DB0-AEAB-C1C8010452A2}.Release|x64.Deploy.0 = Release|Any CPU
		{830A2A45-6695-4DB0-AEAB-C1C8010452A2}.Release|x86.ActiveCfg = Release|Any CPU
		{830A2A45-6695-4DB0-AEAB-C1C8010452A2}.Release|x86.Build.0 = Release|Any CPU
		{830A2A45-6695-4DB0-AEAB-C1C8010452A2}.Release|x86.Deploy.0 = Release|Any CPU
		{C753902E-2D7D-4B33-8A23-A5BD05000F97}.Debug|Any CPU.ActiveCfg = Debug|Any CPU
		{C753902E-2D7D-4B33-8A23-A5BD05000F97}.Debug|Any CPU.Build.0 = Debug|Any CPU
		{C753902E-2D7D-4B33-8A23-A5BD05000F97}.Debug|Any CPU.Deploy.0 = Debug|Any CPU
		{C753902E-2D7D-4B33-8A23-A5BD05000F97}.Debug|ARM.ActiveCfg = Debug|Any CPU
		{C753902E-2D7D-4B33-8A23-A5BD05000F97}.Debug|ARM.Build.0 = Debug|Any CPU
		{C753902E-2D7D-4B33-8A23-A5BD05000F97}.Debug|ARM.Deploy.0 = Debug|Any CPU
		{C753902E-2D7D-4B33-8A23-A5BD05000F97}.Debug|x64.ActiveCfg = Debug|Any CPU
		{C753902E-2D7D-4B33-8A23-A5BD05000F97}.Debug|x64.Build.0 = Debug|Any CPU
		{C753902E-2D7D-4B33-8A23-A5BD05000F97}.Debug|x64.Deploy.0 = Debug|Any CPU
		{C753902E-2D7D-4B33-8A23-A5BD05000F97}.Debug|x86.ActiveCfg = Debug|Any CPU
		{C753902E-2D7D-4B33-8A23-A5BD05000F97}.Debug|x86.Build.0 = Debug|Any CPU
		{C753902E-2D7D-4B33-8A23-A5BD05000F97}.Debug|x86.Deploy.0 = Debug|Any CPU
		{C753902E-2D7D-4B33-8A23-A5BD05000F97}.Release|Any CPU.ActiveCfg = Release|Any CPU
		{C753902E-2D7D-4B33-8A23-A5BD05000F97}.Release|Any CPU.Build.0 = Release|Any CPU
		{C753902E-2D7D-4B33-8A23-A5BD05000F97}.Release|Any CPU.Deploy.0 = Release|Any CPU
		{C753902E-2D7D-4B33-8A23-A5BD05000F97}.Release|ARM.ActiveCfg = Release|Any CPU
		{C753902E-2D7D-4B33-8A23-A5BD05000F97}.Release|ARM.Build.0 = Release|Any CPU
		{C753902E-2D7D-4B33-8A23-A5BD05000F97}.Release|ARM.Deploy.0 = Release|Any CPU
		{C753902E-2D7D-4B33-8A23-A5BD05000F97}.Release|x64.ActiveCfg = Release|Any CPU
		{C753902E-2D7D-4B33-8A23-A5BD05000F97}.Release|x64.Build.0 = Release|Any CPU
		{C753902E-2D7D-4B33-8A23-A5BD05000F97}.Release|x64.Deploy.0 = Release|Any CPU
		{C753902E-2D7D-4B33-8A23-A5BD05000F97}.Release|x86.ActiveCfg = Release|Any CPU
		{C753902E-2D7D-4B33-8A23-A5BD05000F97}.Release|x86.Build.0 = Release|Any CPU
		{C753902E-2D7D-4B33-8A23-A5BD05000F97}.Release|x86.Deploy.0 = Release|Any CPU
	EndGlobalSection
	GlobalSection(SolutionProperties) = preSolution
		HideSolutionNode = FALSE
	EndGlobalSection
	GlobalSection(ExtensibilityGlobals) = postSolution
		SolutionGuid = {13019086-E887-4C97-857F-9AEA2AC87294}
	EndGlobalSection
EndGlobal
